
Microsoft Visual Studio Solution File, Format Version 12.00
# Visual Studio Version 16
VisualStudioVersion = 16.0.34301.259
MinimumVisualStudioVersion = 10.0.40219.1
Project("{FAE04EC0-301F-11D3-BF4B-00C04F79EFBC}") = "Project_01", "Project_01\Project_01.csproj", "{C8C54AE7-2F5E-4436-BC80-DAA33F5F29E6}"
	ProjectSection(ProjectDependencies) = postProject
		{2BA26C78-AD05-457E-97A0-004F7EE9EC2E} = {2BA26C78-AD05-457E-97A0-004F7EE9EC2E}
	EndProjectSection
EndProject
Project("{FAE04EC0-301F-11D3-BF4B-00C04F79EFBC}") = "web_service", "web_service\web_service.csproj", "{2BA26C78-AD05-457E-97A0-004F7EE9EC2E}"
EndProject
Global
	GlobalSection(SolutionConfigurationPlatforms) = preSolution
		Debug|Any CPU = Debug|Any CPU
		Release|Any CPU = Release|Any CPU
	EndGlobalSection
	GlobalSection(ProjectConfigurationPlatforms) = postSolution
		{C8C54AE7-2F5E-4436-BC80-DAA33F5F29E6}.Debug|Any CPU.ActiveCfg = Debug|Any CPU
		{C8C54AE7-2F5E-4436-BC80-DAA33F5F29E6}.Debug|Any CPU.Build.0 = Debug|Any CPU
		{C8C54AE7-2F5E-4436-BC80-DAA33F5F29E6}.Release|Any CPU.ActiveCfg = Release|Any CPU
		{C8C54AE7-2F5E-4436-BC80-DAA33F5F29E6}.Release|Any CPU.Build.0 = Release|Any CPU
		{2BA26C78-AD05-457E-97A0-004F7EE9EC2E}.Debug|Any CPU.ActiveCfg = Debug|Any CPU
		{2BA26C78-AD05-457E-97A0-004F7EE9EC2E}.Debug|Any CPU.Build.0 = Debug|Any CPU
		{2BA26C78-AD05-457E-97A0-004F7EE9EC2E}.Release|Any CPU.ActiveCfg = Release|Any CPU
		{2BA26C78-AD05-457E-97A0-004F7EE9EC2E}.Release|Any CPU.Build.0 = Release|Any CPU
	EndGlobalSection
	GlobalSection(SolutionProperties) = preSolution
		HideSolutionNode = FALSE
	EndGlobalSection
	GlobalSection(ExtensibilityGlobals) = postSolution
		SolutionGuid = {3DF54821-5FCF-4382-A3EE-A9B1C94B67A1}
	EndGlobalSection
EndGlobal
